
Microsoft Visual Studio Solution File, Format Version 11.00
# Visual Studio 2010
Project("{FAE04EC0-301F-11D3-BF4B-00C04F79EFBC}") = "NetCommunityEvents", "NetCommunityEvents\NetCommunityEvents.csproj", "{43AB7385-26C5-4FE1-AB0E-A2027896BFF4}"
EndProject
Project("{FAE04EC0-301F-11D3-BF4B-00C04F79EFBC}") = "NetCommunityEvents.Tests", "NetCommunityEvents.Tests\NetCommunityEvents.Tests.csproj", "{F9302087-0AB1-46EE-96CF-E242925702BA}"
EndProject
Global
	GlobalSection(SolutionConfigurationPlatforms) = preSolution
		Debug|Any CPU = Debug|Any CPU
		Release|Any CPU = Release|Any CPU
	EndGlobalSection
	GlobalSection(ProjectConfigurationPlatforms) = postSolution
		{43AB7385-26C5-4FE1-AB0E-A2027896BFF4}.Debug|Any CPU.ActiveCfg = Debug|Any CPU
		{43AB7385-26C5-4FE1-AB0E-A2027896BFF4}.Debug|Any CPU.Build.0 = Debug|Any CPU
		{43AB7385-26C5-4FE1-AB0E-A2027896BFF4}.Release|Any CPU.ActiveCfg = Release|Any CPU
		{43AB7385-26C5-4FE1-AB0E-A2027896BFF4}.Release|Any CPU.Build.0 = Release|Any CPU
		{F9302087-0AB1-46EE-96CF-E242925702BA}.Debug|Any CPU.ActiveCfg = Debug|Any CPU
		{F9302087-0AB1-46EE-96CF-E242925702BA}.Debug|Any CPU.Build.0 = Debug|Any CPU
		{F9302087-0AB1-46EE-96CF-E242925702BA}.Release|Any CPU.ActiveCfg = Release|Any CPU
		{F9302087-0AB1-46EE-96CF-E242925702BA}.Release|Any CPU.Build.0 = Release|Any CPU
	EndGlobalSection
	GlobalSection(SolutionProperties) = preSolution
		HideSolutionNode = FALSE
	EndGlobalSection
EndGlobal
